
Microsoft Visual Studio Solution File, Format Version 12.00
# Visual Studio 15
VisualStudioVersion = 15.0.28010.2016
MinimumVisualStudioVersion = 10.0.40219.1
Project("{FAE04EC0-301F-11D3-BF4B-00C04F79EFBC}") = "ex 1 oop", "ex 1 oop\ex 1 oop.csproj", "{3E2DE785-EECD-4E03-B35A-9531392E416A}"
EndProject
Global
	GlobalSection(SolutionConfigurationPlatforms) = preSolution
		Debug|Any CPU = Debug|Any CPU
		Release|Any CPU = Release|Any CPU
	EndGlobalSection
	GlobalSection(ProjectConfigurationPlatforms) = postSolution
		{3E2DE785-EECD-4E03-B35A-9531392E416A}.Debug|Any CPU.ActiveCfg = Debug|Any CPU
		{3E2DE785-EECD-4E03-B35A-9531392E416A}.Debug|Any CPU.Build.0 = Debug|Any CPU
		{3E2DE785-EECD-4E03-B35A-9531392E416A}.Release|Any CPU.ActiveCfg = Release|Any CPU
		{3E2DE785-EECD-4E03-B35A-9531392E416A}.Release|Any CPU.Build.0 = Release|Any CPU
	EndGlobalSection
	GlobalSection(SolutionProperties) = preSolution
		HideSolutionNode = FALSE
	EndGlobalSection
	GlobalSection(ExtensibilityGlobals) = postSolution
		SolutionGuid = {B0E9B71C-4AD8-4CD8-BB35-802E79E5EDC1}
	EndGlobalSection
EndGlobal
