
Microsoft Visual Studio Solution File, Format Version 12.00
# Visual Studio 15
VisualStudioVersion = 15.0.28010.2016
MinimumVisualStudioVersion = 10.0.40219.1
Project("{FAE04EC0-301F-11D3-BF4B-00C04F79EFBC}") = "00 type value reference type", "00 type value reference type\00 type value reference type.csproj", "{0E6898B5-4D2D-49D0-8BE9-26F47F3C4E47}"
EndProject
Global
	GlobalSection(SolutionConfigurationPlatforms) = preSolution
		Debug|Any CPU = Debug|Any CPU
		Release|Any CPU = Release|Any CPU
	EndGlobalSection
	GlobalSection(ProjectConfigurationPlatforms) = postSolution
		{0E6898B5-4D2D-49D0-8BE9-26F47F3C4E47}.Debug|Any CPU.ActiveCfg = Debug|Any CPU
		{0E6898B5-4D2D-49D0-8BE9-26F47F3C4E47}.Debug|Any CPU.Build.0 = Debug|Any CPU
		{0E6898B5-4D2D-49D0-8BE9-26F47F3C4E47}.Release|Any CPU.ActiveCfg = Release|Any CPU
		{0E6898B5-4D2D-49D0-8BE9-26F47F3C4E47}.Release|Any CPU.Build.0 = Release|Any CPU
	EndGlobalSection
	GlobalSection(SolutionProperties) = preSolution
		HideSolutionNode = FALSE
	EndGlobalSection
	GlobalSection(ExtensibilityGlobals) = postSolution
		SolutionGuid = {06C514CA-3038-4D74-A4FC-992C7065BBDE}
	EndGlobalSection
EndGlobal
