
Microsoft Visual Studio Solution File, Format Version 12.00
# Visual Studio 15
VisualStudioVersion = 15.0.28010.2016
MinimumVisualStudioVersion = 10.0.40219.1
Project("{FAE04EC0-301F-11D3-BF4B-00C04F79EFBC}") = "04 Nested Classes", "04 Nested Classes\04 Nested Classes.csproj", "{88D754A2-52D4-4E4C-811A-4F7A67151C84}"
EndProject
Global
	GlobalSection(SolutionConfigurationPlatforms) = preSolution
		Debug|Any CPU = Debug|Any CPU
		Release|Any CPU = Release|Any CPU
	EndGlobalSection
	GlobalSection(ProjectConfigurationPlatforms) = postSolution
		{88D754A2-52D4-4E4C-811A-4F7A67151C84}.Debug|Any CPU.ActiveCfg = Debug|Any CPU
		{88D754A2-52D4-4E4C-811A-4F7A67151C84}.Debug|Any CPU.Build.0 = Debug|Any CPU
		{88D754A2-52D4-4E4C-811A-4F7A67151C84}.Release|Any CPU.ActiveCfg = Release|Any CPU
		{88D754A2-52D4-4E4C-811A-4F7A67151C84}.Release|Any CPU.Build.0 = Release|Any CPU
	EndGlobalSection
	GlobalSection(SolutionProperties) = preSolution
		HideSolutionNode = FALSE
	EndGlobalSection
	GlobalSection(ExtensibilityGlobals) = postSolution
		SolutionGuid = {035D004B-3367-41CB-97BF-BCA81AEACD1E}
	EndGlobalSection
EndGlobal
