
Microsoft Visual Studio Solution File, Format Version 12.00
# Visual Studio 15
VisualStudioVersion = 15.0.28010.2016
MinimumVisualStudioVersion = 10.0.40219.1
Project("{FAE04EC0-301F-11D3-BF4B-00C04F79EFBC}") = "Greeting", "Greeting\Greeting.csproj", "{30E9E3CF-0F03-43A1-989B-34BEB73BF2F9}"
EndProject
Project("{FAE04EC0-301F-11D3-BF4B-00C04F79EFBC}") = "ConsoleApp1", "ConsoleApp1\ConsoleApp1.csproj", "{7EE853D4-7326-4A59-B631-690F915F55B5}"
EndProject
Global
	GlobalSection(SolutionConfigurationPlatforms) = preSolution
		Debug|Any CPU = Debug|Any CPU
		Release|Any CPU = Release|Any CPU
	EndGlobalSection
	GlobalSection(ProjectConfigurationPlatforms) = postSolution
		{30E9E3CF-0F03-43A1-989B-34BEB73BF2F9}.Debug|Any CPU.ActiveCfg = Debug|Any CPU
		{30E9E3CF-0F03-43A1-989B-34BEB73BF2F9}.Debug|Any CPU.Build.0 = Debug|Any CPU
		{30E9E3CF-0F03-43A1-989B-34BEB73BF2F9}.Release|Any CPU.ActiveCfg = Release|Any CPU
		{30E9E3CF-0F03-43A1-989B-34BEB73BF2F9}.Release|Any CPU.Build.0 = Release|Any CPU
		{7EE853D4-7326-4A59-B631-690F915F55B5}.Debug|Any CPU.ActiveCfg = Debug|Any CPU
		{7EE853D4-7326-4A59-B631-690F915F55B5}.Debug|Any CPU.Build.0 = Debug|Any CPU
		{7EE853D4-7326-4A59-B631-690F915F55B5}.Release|Any CPU.ActiveCfg = Release|Any CPU
		{7EE853D4-7326-4A59-B631-690F915F55B5}.Release|Any CPU.Build.0 = Release|Any CPU
	EndGlobalSection
	GlobalSection(SolutionProperties) = preSolution
		HideSolutionNode = FALSE
	EndGlobalSection
	GlobalSection(ExtensibilityGlobals) = postSolution
		SolutionGuid = {D59BFEC1-1D4D-4D9F-8EFC-36B91C28A32E}
	EndGlobalSection
EndGlobal
